
Microsoft Visual Studio Solution File, Format Version 12.00
# Visual Studio Version 17
VisualStudioVersion = 17.1.32210.238
MinimumVisualStudioVersion = 10.0.40219.1
Project("{2150E333-8FDC-42A3-9474-1A3956D46DE8}") = "Server", "Server", "{08DC955F-4776-441B-9510-249D53415810}"
EndProject
Project("{2150E333-8FDC-42A3-9474-1A3956D46DE8}") = "Client", "Client", "{13D3FE7A-CD49-45CB-9C9E-0B3771440873}"
EndProject
Project("{2150E333-8FDC-42A3-9474-1A3956D46DE8}") = "Common", "Common", "{4A04D693-DA69-4555-8F7F-D0FF101DDAA1}"
EndProject
Project("{2150E333-8FDC-42A3-9474-1A3956D46DE8}") = "Installer", "Installer", "{9871A888-B840-4A82-8F9C-5E15E9EB8B07}"
EndProject
Project("{2150E333-8FDC-42A3-9474-1A3956D46DE8}") = "ActivationServer", "ActivationServer", "{DD08E305-1CA4-49A2-8C4B-1B0C470B7627}"
EndProject
Project("{9A19103F-16F7-4668-BE54-9A1E7A4F7556}") = "QRSharingApp.ActivationWebApp", "ActivationServer\QRSharingApp.ActivationWebApp\QRSharingApp.ActivationWebApp.csproj", "{8C6638FF-B2AB-4D91-834C-3DC7ECD685D9}"
EndProject
Project("{9A19103F-16F7-4668-BE54-9A1E7A4F7556}") = "QRSharingApp.WebApplication", "Server\QRSharingApp.WebApplication\QRSharingApp.WebApplication.csproj", "{3D685B14-C75B-46B4-967C-25C287E1DC49}"
EndProject
Project("{930C7802-8A8C-48F9-8165-68863BCCD9DD}") = "QRSharingApp.Installer", "Installer\QRSharingApp.Installer\QRSharingApp.Installer.wixproj", "{88658453-505B-42DD-B7A7-C37DE43E03C0}"
	ProjectSection(ProjectDependencies) = postProject
		{E0283B79-59DB-4D15-B889-8427B5F6F857} = {E0283B79-59DB-4D15-B889-8427B5F6F857}
	EndProjectSection
EndProject
Project("{FAE04EC0-301F-11D3-BF4B-00C04F79EFBC}") = "QRSharingApp.Installer.CustomAction", "Installer\QRSharingApp.Installer.CustomAction\QRSharingApp.Installer.CustomAction.csproj", "{FA981E04-B0AD-433D-8C62-55D6AC09ABCD}"
EndProject
Project("{9A19103F-16F7-4668-BE54-9A1E7A4F7556}") = "QRSharingApp.DataAccess", "Server\QRSharingApp.DataAccess\QRSharingApp.DataAccess.csproj", "{0A351A21-3AE2-4528-8014-1E3B75AB8A5B}"
EndProject
Project("{D954291E-2A0B-460D-934E-DC6B0785DB48}") = "QRSharingApp.Shared", "Common\QRSharingApp.Shared\QRSharingApp.Shared.shproj", "{DD802E38-9ED8-47D9-BD9D-4450F51050A0}"
EndProject
Project("{FAE04EC0-301F-11D3-BF4B-00C04F79EFBC}") = "QRSharingApp.Client", "Client\QRSharingApp.Client\QRSharingApp.Client.csproj", "{E0283B79-59DB-4D15-B889-8427B5F6F857}"
EndProject
Project("{FAE04EC0-301F-11D3-BF4B-00C04F79EFBC}") = "QRSharingApp.Activation", "Client\QRSharingApp.Activation\QRSharingApp.Activation.csproj", "{EB7C0338-57FD-4EF0-A409-BA96025EBE32}"
EndProject
Project("{FAE04EC0-301F-11D3-BF4B-00C04F79EFBC}") = "QRSharingApp.ClientApi", "Client\QRSharingApp.ClientApi\QRSharingApp.ClientApi.csproj", "{50E1772A-856A-413A-BFAD-CE3AB94E6319}"
EndProject
Project("{FAE04EC0-301F-11D3-BF4B-00C04F79EFBC}") = "QRSharingApp.CultureLocalization", "Client\QRSharingApp.CultureLocalization\QRSharingApp.CultureLocalization.csproj", "{0B674430-D047-4EA5-BE50-D827C15A6FEC}"
EndProject
Project("{FAE04EC0-301F-11D3-BF4B-00C04F79EFBC}") = "QRSharingApp.Infrastructure", "Client\QRSharingApp.Infrastructure\QRSharingApp.Infrastructure.csproj", "{412F7C2B-4203-4015-AC51-DF5E766BD5D3}"
EndProject
Project("{FAE04EC0-301F-11D3-BF4B-00C04F79EFBC}") = "QRSharingApp.ViewModel", "Client\QRSharingApp.ViewModel\QRSharingApp.ViewModel.csproj", "{8570D7B8-7D09-41A2-8C35-0CC37BB03D99}"
EndProject
Project("{FAE04EC0-301F-11D3-BF4B-00C04F79EFBC}") = "QRSharingApp.Contract", "Common\QRSharingApp.Contract\QRSharingApp.Contract.csproj", "{5DF1EDDD-E365-485D-B1C5-BB59A1D2A82F}"
EndProject
Project("{FAE04EC0-301F-11D3-BF4B-00C04F79EFBC}") = "QRSharingApp.Common", "Common\QRSharingApp.Common\QRSharingApp.Common.csproj", "{9482400A-7CEE-4157-BB8E-9D6304900402}"
EndProject
Project("{930C7802-8A8C-48F9-8165-68863BCCD9DD}") = "QRSharingApp.Bootstrapper", "Installer\QRSharingApp.Bootstrapper\QRSharingApp.Bootstrapper.wixproj", "{7A25D14D-133C-4EDB-BFB5-506CE4E21369}"
EndProject
Global
	GlobalSection(SolutionConfigurationPlatforms) = preSolution
		Debug|Any CPU = Debug|Any CPU
		Debug|ARM32 = Debug|ARM32
		Debug|x64 = Debug|x64
		Debug|x86 = Debug|x86
		Release|Any CPU = Release|Any CPU
		Release|ARM32 = Release|ARM32
		Release|x64 = Release|x64
		Release|x86 = Release|x86
	EndGlobalSection
	GlobalSection(ProjectConfigurationPlatforms) = postSolution
		{8C6638FF-B2AB-4D91-834C-3DC7ECD685D9}.Debug|Any CPU.ActiveCfg = Debug|Any CPU
		{8C6638FF-B2AB-4D91-834C-3DC7ECD685D9}.Debug|Any CPU.Build.0 = Debug|Any CPU
		{8C6638FF-B2AB-4D91-834C-3DC7ECD685D9}.Debug|ARM32.ActiveCfg = Debug|Any CPU
		{8C6638FF-B2AB-4D91-834C-3DC7ECD685D9}.Debug|ARM32.Build.0 = Debug|Any CPU
		{8C6638FF-B2AB-4D91-834C-3DC7ECD685D9}.Debug|x64.ActiveCfg = Debug|x64
		{8C6638FF-B2AB-4D91-834C-3DC7ECD685D9}.Debug|x64.Build.0 = Debug|x64
		{8C6638FF-B2AB-4D91-834C-3DC7ECD685D9}.Debug|x86.ActiveCfg = Debug|Any CPU
		{8C6638FF-B2AB-4D91-834C-3DC7ECD685D9}.Debug|x86.Build.0 = Debug|Any CPU
		{8C6638FF-B2AB-4D91-834C-3DC7ECD685D9}.Release|Any CPU.ActiveCfg = Release|Any CPU
		{8C6638FF-B2AB-4D91-834C-3DC7ECD685D9}.Release|Any CPU.Build.0 = Release|Any CPU
		{8C6638FF-B2AB-4D91-834C-3DC7ECD685D9}.Release|ARM32.ActiveCfg = Release|Any CPU
		{8C6638FF-B2AB-4D91-834C-3DC7ECD685D9}.Release|ARM32.Build.0 = Release|Any CPU
		{8C6638FF-B2AB-4D91-834C-3DC7ECD685D9}.Release|x64.ActiveCfg = Release|x64
		{8C6638FF-B2AB-4D91-834C-3DC7ECD685D9}.Release|x64.Build.0 = Release|x64
		{8C6638FF-B2AB-4D91-834C-3DC7ECD685D9}.Release|x86.ActiveCfg = Release|Any CPU
		{8C6638FF-B2AB-4D91-834C-3DC7ECD685D9}.Release|x86.Build.0 = Release|Any CPU
		{3D685B14-C75B-46B4-967C-25C287E1DC49}.Debug|Any CPU.ActiveCfg = Debug|Any CPU
		{3D685B14-C75B-46B4-967C-25C287E1DC49}.Debug|Any CPU.Build.0 = Debug|Any CPU
		{3D685B14-C75B-46B4-967C-25C287E1DC49}.Debug|ARM32.ActiveCfg = Debug|ARM32
		{3D685B14-C75B-46B4-967C-25C287E1DC49}.Debug|ARM32.Build.0 = Debug|ARM32
		{3D685B14-C75B-46B4-967C-25C287E1DC49}.Debug|x64.ActiveCfg = Debug|x64
		{3D685B14-C75B-46B4-967C-25C287E1DC49}.Debug|x64.Build.0 = Debug|x64
		{3D685B14-C75B-46B4-967C-25C287E1DC49}.Debug|x86.ActiveCfg = Debug|x86
		{3D685B14-C75B-46B4-967C-25C287E1DC49}.Debug|x86.Build.0 = Debug|x86
		{3D685B14-C75B-46B4-967C-25C287E1DC49}.Release|Any CPU.ActiveCfg = Release|Any CPU
		{3D685B14-C75B-46B4-967C-25C287E1DC49}.Release|Any CPU.Build.0 = Release|Any CPU
		{3D685B14-C75B-46B4-967C-25C287E1DC49}.Release|ARM32.ActiveCfg = Release|ARM32
		{3D685B14-C75B-46B4-967C-25C287E1DC49}.Release|ARM32.Build.0 = Release|ARM32
		{3D685B14-C75B-46B4-967C-25C287E1DC49}.Release|x64.ActiveCfg = Release|x64
		{3D685B14-C75B-46B4-967C-25C287E1DC49}.Release|x64.Build.0 = Release|x64
		{3D685B14-C75B-46B4-967C-25C287E1DC49}.Release|x86.ActiveCfg = Release|x86
		{3D685B14-C75B-46B4-967C-25C287E1DC49}.Release|x86.Build.0 = Release|x86
		{88658453-505B-42DD-B7A7-C37DE43E03C0}.Debug|Any CPU.ActiveCfg = Debug|x86
		{88658453-505B-42DD-B7A7-C37DE43E03C0}.Debug|ARM32.ActiveCfg = Debug|x86
		{88658453-505B-42DD-B7A7-C37DE43E03C0}.Debug|x64.ActiveCfg = Debug|x64
		{88658453-505B-42DD-B7A7-C37DE43E03C0}.Debug|x64.Build.0 = Debug|x64
		{88658453-505B-42DD-B7A7-C37DE43E03C0}.Debug|x86.ActiveCfg = Debug|x86
		{88658453-505B-42DD-B7A7-C37DE43E03C0}.Debug|x86.Build.0 = Debug|x86
		{88658453-505B-42DD-B7A7-C37DE43E03C0}.Release|Any CPU.ActiveCfg = Release|x86
		{88658453-505B-42DD-B7A7-C37DE43E03C0}.Release|ARM32.ActiveCfg = Release|x86
		{88658453-505B-42DD-B7A7-C37DE43E03C0}.Release|x64.ActiveCfg = Release|x64
		{88658453-505B-42DD-B7A7-C37DE43E03C0}.Release|x64.Build.0 = Release|x64
		{88658453-505B-42DD-B7A7-C37DE43E03C0}.Release|x86.ActiveCfg = Release|x86
		{88658453-505B-42DD-B7A7-C37DE43E03C0}.Release|x86.Build.0 = Release|x86
		{FA981E04-B0AD-433D-8C62-55D6AC09ABCD}.Debug|Any CPU.ActiveCfg = Debug|x86
		{FA981E04-B0AD-433D-8C62-55D6AC09ABCD}.Debug|ARM32.ActiveCfg = Debug|x86
		{FA981E04-B0AD-433D-8C62-55D6AC09ABCD}.Debug|x64.ActiveCfg = Debug|x64
		{FA981E04-B0AD-433D-8C62-55D6AC09ABCD}.Debug|x64.Build.0 = Debug|x64
		{FA981E04-B0AD-433D-8C62-55D6AC09ABCD}.Debug|x86.ActiveCfg = Debug|x86
		{FA981E04-B0AD-433D-8C62-55D6AC09ABCD}.Debug|x86.Build.0 = Debug|x86
		{FA981E04-B0AD-433D-8C62-55D6AC09ABCD}.Release|Any CPU.ActiveCfg = Release|x86
		{FA981E04-B0AD-433D-8C62-55D6AC09ABCD}.Release|ARM32.ActiveCfg = Release|x86
		{FA981E04-B0AD-433D-8C62-55D6AC09ABCD}.Release|x64.ActiveCfg = Release|x64
		{FA981E04-B0AD-433D-8C62-55D6AC09ABCD}.Release|x64.Build.0 = Release|x64
		{FA981E04-B0AD-433D-8C62-55D6AC09ABCD}.Release|x86.ActiveCfg = Release|x86
		{FA981E04-B0AD-433D-8C62-55D6AC09ABCD}.Release|x86.Build.0 = Release|x86
		{0A351A21-3AE2-4528-8014-1E3B75AB8A5B}.Debug|Any CPU.ActiveCfg = Debug|Any CPU
		{0A351A21-3AE2-4528-8014-1E3B75AB8A5B}.Debug|Any CPU.Build.0 = Debug|Any CPU
		{0A351A21-3AE2-4528-8014-1E3B75AB8A5B}.Debug|ARM32.ActiveCfg = Debug|Any CPU
		{0A351A21-3AE2-4528-8014-1E3B75AB8A5B}.Debug|ARM32.Build.0 = Debug|Any CPU
		{0A351A21-3AE2-4528-8014-1E3B75AB8A5B}.Debug|x64.ActiveCfg = Debug|x64
		{0A351A21-3AE2-4528-8014-1E3B75AB8A5B}.Debug|x64.Build.0 = Debug|x64
		{0A351A21-3AE2-4528-8014-1E3B75AB8A5B}.Debug|x86.ActiveCfg = Debug|x86
		{0A351A21-3AE2-4528-8014-1E3B75AB8A5B}.Debug|x86.Build.0 = Debug|x86
		{0A351A21-3AE2-4528-8014-1E3B75AB8A5B}.Release|Any CPU.ActiveCfg = Release|Any CPU
		{0A351A21-3AE2-4528-8014-1E3B75AB8A5B}.Release|Any CPU.Build.0 = Release|Any CPU
		{0A351A21-3AE2-4528-8014-1E3B75AB8A5B}.Release|ARM32.ActiveCfg = Release|Any CPU
		{0A351A21-3AE2-4528-8014-1E3B75AB8A5B}.Release|ARM32.Build.0 = Release|Any CPU
		{0A351A21-3AE2-4528-8014-1E3B75AB8A5B}.Release|x64.ActiveCfg = Release|x64
		{0A351A21-3AE2-4528-8014-1E3B75AB8A5B}.Release|x64.Build.0 = Release|x64
		{0A351A21-3AE2-4528-8014-1E3B75AB8A5B}.Release|x86.ActiveCfg = Release|x86
		{0A351A21-3AE2-4528-8014-1E3B75AB8A5B}.Release|x86.Build.0 = Release|x86
		{E0283B79-59DB-4D15-B889-8427B5F6F857}.Debug|Any CPU.ActiveCfg = Debug|Any CPU
		{E0283B79-59DB-4D15-B889-8427B5F6F857}.Debug|Any CPU.Build.0 = Debug|Any CPU
		{E0283B79-59DB-4D15-B889-8427B5F6F857}.Debug|ARM32.ActiveCfg = Debug|Any CPU
		{E0283B79-59DB-4D15-B889-8427B5F6F857}.Debug|ARM32.Build.0 = Debug|Any CPU
		{E0283B79-59DB-4D15-B889-8427B5F6F857}.Debug|x64.ActiveCfg = Debug|x64
		{E0283B79-59DB-4D15-B889-8427B5F6F857}.Debug|x64.Build.0 = Debug|x64
		{E0283B79-59DB-4D15-B889-8427B5F6F857}.Debug|x86.ActiveCfg = Debug|Any CPU
		{E0283B79-59DB-4D15-B889-8427B5F6F857}.Debug|x86.Build.0 = Debug|Any CPU
		{E0283B79-59DB-4D15-B889-8427B5F6F857}.Release|Any CPU.ActiveCfg = Release|Any CPU
		{E0283B79-59DB-4D15-B889-8427B5F6F857}.Release|Any CPU.Build.0 = Release|Any CPU
		{E0283B79-59DB-4D15-B889-8427B5F6F857}.Release|ARM32.ActiveCfg = Release|Any CPU
		{E0283B79-59DB-4D15-B889-8427B5F6F857}.Release|ARM32.Build.0 = Release|Any CPU
		{E0283B79-59DB-4D15-B889-8427B5F6F857}.Release|x64.ActiveCfg = Release|x64
		{E0283B79-59DB-4D15-B889-8427B5F6F857}.Release|x64.Build.0 = Release|x64
		{E0283B79-59DB-4D15-B889-8427B5F6F857}.Release|x86.ActiveCfg = Release|Any CPU
		{E0283B79-59DB-4D15-B889-8427B5F6F857}.Release|x86.Build.0 = Release|Any CPU
		{EB7C0338-57FD-4EF0-A409-BA96025EBE32}.Debug|Any CPU.ActiveCfg = Debug|Any CPU
		{EB7C0338-57FD-4EF0-A409-BA96025EBE32}.Debug|Any CPU.Build.0 = Debug|Any CPU
		{EB7C0338-57FD-4EF0-A409-BA96025EBE32}.Debug|ARM32.ActiveCfg = Debug|Any CPU
		{EB7C0338-57FD-4EF0-A409-BA96025EBE32}.Debug|ARM32.Build.0 = Debug|Any CPU
		{EB7C0338-57FD-4EF0-A409-BA96025EBE32}.Debug|x64.ActiveCfg = Debug|x64
		{EB7C0338-57FD-4EF0-A409-BA96025EBE32}.Debug|x64.Build.0 = Debug|x64
		{EB7C0338-57FD-4EF0-A409-BA96025EBE32}.Debug|x86.ActiveCfg = Debug|Any CPU
		{EB7C0338-57FD-4EF0-A409-BA96025EBE32}.Debug|x86.Build.0 = Debug|Any CPU
		{EB7C0338-57FD-4EF0-A409-BA96025EBE32}.Release|Any CPU.ActiveCfg = Release|Any CPU
		{EB7C0338-57FD-4EF0-A409-BA96025EBE32}.Release|Any CPU.Build.0 = Release|Any CPU
		{EB7C0338-57FD-4EF0-A409-BA96025EBE32}.Release|ARM32.ActiveCfg = Release|Any CPU
		{EB7C0338-57FD-4EF0-A409-BA96025EBE32}.Release|ARM32.Build.0 = Release|Any CPU
		{EB7C0338-57FD-4EF0-A409-BA96025EBE32}.Release|x64.ActiveCfg = Release|x64
		{EB7C0338-57FD-4EF0-A409-BA96025EBE32}.Release|x64.Build.0 = Release|x64
		{EB7C0338-57FD-4EF0-A409-BA96025EBE32}.Release|x86.ActiveCfg = Release|Any CPU
		{EB7C0338-57FD-4EF0-A409-BA96025EBE32}.Release|x86.Build.0 = Release|Any CPU
		{50E1772A-856A-413A-BFAD-CE3AB94E6319}.Debug|Any CPU.ActiveCfg = Debug|Any CPU
		{50E1772A-856A-413A-BFAD-CE3AB94E6319}.Debug|Any CPU.Build.0 = Debug|Any CPU
		{50E1772A-856A-413A-BFAD-CE3AB94E6319}.Debug|ARM32.ActiveCfg = Debug|Any CPU
		{50E1772A-856A-413A-BFAD-CE3AB94E6319}.Debug|ARM32.Build.0 = Debug|Any CPU
		{50E1772A-856A-413A-BFAD-CE3AB94E6319}.Debug|x64.ActiveCfg = Debug|x64
		{50E1772A-856A-413A-BFAD-CE3AB94E6319}.Debug|x64.Build.0 = Debug|x64
		{50E1772A-856A-413A-BFAD-CE3AB94E6319}.Debug|x86.ActiveCfg = Debug|Any CPU
		{50E1772A-856A-413A-BFAD-CE3AB94E6319}.Debug|x86.Build.0 = Debug|Any CPU
		{50E1772A-856A-413A-BFAD-CE3AB94E6319}.Release|Any CPU.ActiveCfg = Release|Any CPU
		{50E1772A-856A-413A-BFAD-CE3AB94E6319}.Release|Any CPU.Build.0 = Release|Any CPU
		{50E1772A-856A-413A-BFAD-CE3AB94E6319}.Release|ARM32.ActiveCfg = Release|Any CPU
		{50E1772A-856A-413A-BFAD-CE3AB94E6319}.Release|ARM32.Build.0 = Release|Any CPU
		{50E1772A-856A-413A-BFAD-CE3AB94E6319}.Release|x64.ActiveCfg = Release|x64
		{50E1772A-856A-413A-BFAD-CE3AB94E6319}.Release|x64.Build.0 = Release|x64
		{50E1772A-856A-413A-BFAD-CE3AB94E6319}.Release|x86.ActiveCfg = Release|Any CPU
		{50E1772A-856A-413A-BFAD-CE3AB94E6319}.Release|x86.Build.0 = Release|Any CPU
		{0B674430-D047-4EA5-BE50-D827C15A6FEC}.Debug|Any CPU.ActiveCfg = Debug|Any CPU
		{0B674430-D047-4EA5-BE50-D827C15A6FEC}.Debug|Any CPU.Build.0 = Debug|Any CPU
		{0B674430-D047-4EA5-BE50-D827C15A6FEC}.Debug|ARM32.ActiveCfg = Debug|Any CPU
		{0B674430-D047-4EA5-BE50-D827C15A6FEC}.Debug|ARM32.Build.0 = Debug|Any CPU
		{0B674430-D047-4EA5-BE50-D827C15A6FEC}.Debug|x64.ActiveCfg = Debug|x64
		{0B674430-D047-4EA5-BE50-D827C15A6FEC}.Debug|x64.Build.0 = Debug|x64
		{0B674430-D047-4EA5-BE50-D827C15A6FEC}.Debug|x86.ActiveCfg = Debug|Any CPU
		{0B674430-D047-4EA5-BE50-D827C15A6FEC}.Debug|x86.Build.0 = Debug|Any CPU
		{0B674430-D047-4EA5-BE50-D827C15A6FEC}.Release|Any CPU.ActiveCfg = Release|Any CPU
		{0B674430-D047-4EA5-BE50-D827C15A6FEC}.Release|Any CPU.Build.0 = Release|Any CPU
		{0B674430-D047-4EA5-BE50-D827C15A6FEC}.Release|ARM32.ActiveCfg = Release|Any CPU
		{0B674430-D047-4EA5-BE50-D827C15A6FEC}.Release|ARM32.Build.0 = Release|Any CPU
		{0B674430-D047-4EA5-BE50-D827C15A6FEC}.Release|x64.ActiveCfg = Release|x64
		{0B674430-D047-4EA5-BE50-D827C15A6FEC}.Release|x64.Build.0 = Release|x64
		{0B674430-D047-4EA5-BE50-D827C15A6FEC}.Release|x86.ActiveCfg = Release|Any CPU
		{0B674430-D047-4EA5-BE50-D827C15A6FEC}.Release|x86.Build.0 = Release|Any CPU
		{412F7C2B-4203-4015-AC51-DF5E766BD5D3}.Debug|Any CPU.ActiveCfg = Debug|Any CPU
		{412F7C2B-4203-4015-AC51-DF5E766BD5D3}.Debug|Any CPU.Build.0 = Debug|Any CPU
		{412F7C2B-4203-4015-AC51-DF5E766BD5D3}.Debug|ARM32.ActiveCfg = Debug|Any CPU
		{412F7C2B-4203-4015-AC51-DF5E766BD5D3}.Debug|ARM32.Build.0 = Debug|Any CPU
		{412F7C2B-4203-4015-AC51-DF5E766BD5D3}.Debug|x64.ActiveCfg = Debug|x64
		{412F7C2B-4203-4015-AC51-DF5E766BD5D3}.Debug|x64.Build.0 = Debug|x64
		{412F7C2B-4203-4015-AC51-DF5E766BD5D3}.Debug|x86.ActiveCfg = Debug|Any CPU
		{412F7C2B-4203-4015-AC51-DF5E766BD5D3}.Debug|x86.Build.0 = Debug|Any CPU
		{412F7C2B-4203-4015-AC51-DF5E766BD5D3}.Release|Any CPU.ActiveCfg = Release|Any CPU
		{412F7C2B-4203-4015-AC51-DF5E766BD5D3}.Release|Any CPU.Build.0 = Release|Any CPU
		{412F7C2B-4203-4015-AC51-DF5E766BD5D3}.Release|ARM32.ActiveCfg = Release|Any CPU
		{412F7C2B-4203-4015-AC51-DF5E766BD5D3}.Release|ARM32.Build.0 = Release|Any CPU
		{412F7C2B-4203-4015-AC51-DF5E766BD5D3}.Release|x64.ActiveCfg = Release|x64
		{412F7C2B-4203-4015-AC51-DF5E766BD5D3}.Release|x64.Build.0 = Release|x64
		{412F7C2B-4203-4015-AC51-DF5E766BD5D3}.Release|x86.ActiveCfg = Release|Any CPU
		{412F7C2B-4203-4015-AC51-DF5E766BD5D3}.Release|x86.Build.0 = Release|Any CPU
		{8570D7B8-7D09-41A2-8C35-0CC37BB03D99}.Debug|Any CPU.ActiveCfg = Debug|Any CPU
		{8570D7B8-7D09-41A2-8C35-0CC37BB03D99}.Debug|Any CPU.Build.0 = Debug|Any CPU
		{8570D7B8-7D09-41A2-8C35-0CC37BB03D99}.Debug|ARM32.ActiveCfg = Debug|Any CPU
		{8570D7B8-7D09-41A2-8C35-0CC37BB03D99}.Debug|ARM32.Build.0 = Debug|Any CPU
		{8570D7B8-7D09-41A2-8C35-0CC37BB03D99}.Debug|x64.ActiveCfg = Debug|x64
		{8570D7B8-7D09-41A2-8C35-0CC37BB03D99}.Debug|x64.Build.0 = Debug|x64
		{8570D7B8-7D09-41A2-8C35-0CC37BB03D99}.Debug|x86.ActiveCfg = Debug|Any CPU
		{8570D7B8-7D09-41A2-8C35-0CC37BB03D99}.Debug|x86.Build.0 = Debug|Any CPU
		{8570D7B8-7D09-41A2-8C35-0CC37BB03D99}.Release|Any CPU.ActiveCfg = Release|Any CPU
		{8570D7B8-7D09-41A2-8C35-0CC37BB03D99}.Release|Any CPU.Build.0 = Release|Any CPU
		{8570D7B8-7D09-41A2-8C35-0CC37BB03D99}.Release|ARM32.ActiveCfg = Release|Any CPU
		{8570D7B8-7D09-41A2-8C35-0CC37BB03D99}.Release|ARM32.Build.0 = Release|Any CPU
		{8570D7B8-7D09-41A2-8C35-0CC37BB03D99}.Release|x64.ActiveCfg = Release|x64
		{8570D7B8-7D09-41A2-8C35-0CC37BB03D99}.Release|x64.Build.0 = Release|x64
		{8570D7B8-7D09-41A2-8C35-0CC37BB03D99}.Release|x86.ActiveCfg = Release|Any CPU
		{8570D7B8-7D09-41A2-8C35-0CC37BB03D99}.Release|x86.Build.0 = Release|Any CPU
		{5DF1EDDD-E365-485D-B1C5-BB59A1D2A82F}.Debug|Any CPU.ActiveCfg = Debug|Any CPU
		{5DF1EDDD-E365-485D-B1C5-BB59A1D2A82F}.Debug|Any CPU.Build.0 = Debug|Any CPU
		{5DF1EDDD-E365-485D-B1C5-BB59A1D2A82F}.Debug|ARM32.ActiveCfg = Debug|Any CPU
		{5DF1EDDD-E365-485D-B1C5-BB59A1D2A82F}.Debug|ARM32.Build.0 = Debug|Any CPU
		{5DF1EDDD-E365-485D-B1C5-BB59A1D2A82F}.Debug|x64.ActiveCfg = Debug|x64
		{5DF1EDDD-E365-485D-B1C5-BB59A1D2A82F}.Debug|x64.Build.0 = Debug|x64
		{5DF1EDDD-E365-485D-B1C5-BB59A1D2A82F}.Debug|x86.ActiveCfg = Debug|Any CPU
		{5DF1EDDD-E365-485D-B1C5-BB59A1D2A82F}.Debug|x86.Build.0 = Debug|Any CPU
		{5DF1EDDD-E365-485D-B1C5-BB59A1D2A82F}.Release|Any CPU.ActiveCfg = Release|Any CPU
		{5DF1EDDD-E365-485D-B1C5-BB59A1D2A82F}.Release|Any CPU.Build.0 = Release|Any CPU
		{5DF1EDDD-E365-485D-B1C5-BB59A1D2A82F}.Release|ARM32.ActiveCfg = Release|Any CPU
		{5DF1EDDD-E365-485D-B1C5-BB59A1D2A82F}.Release|ARM32.Build.0 = Release|Any CPU
		{5DF1EDDD-E365-485D-B1C5-BB59A1D2A82F}.Release|x64.ActiveCfg = Release|x64
		{5DF1EDDD-E365-485D-B1C5-BB59A1D2A82F}.Release|x64.Build.0 = Release|x64
		{5DF1EDDD-E365-485D-B1C5-BB59A1D2A82F}.Release|x86.ActiveCfg = Release|Any CPU
		{5DF1EDDD-E365-485D-B1C5-BB59A1D2A82F}.Release|x86.Build.0 = Release|Any CPU
		{9482400A-7CEE-4157-BB8E-9D6304900402}.Debug|Any CPU.ActiveCfg = Debug|Any CPU
		{9482400A-7CEE-4157-BB8E-9D6304900402}.Debug|Any CPU.Build.0 = Debug|Any CPU
		{9482400A-7CEE-4157-BB8E-9D6304900402}.Debug|ARM32.ActiveCfg = Debug|Any CPU
		{9482400A-7CEE-4157-BB8E-9D6304900402}.Debug|ARM32.Build.0 = Debug|Any CPU
		{9482400A-7CEE-4157-BB8E-9D6304900402}.Debug|x64.ActiveCfg = Debug|x64
		{9482400A-7CEE-4157-BB8E-9D6304900402}.Debug|x64.Build.0 = Debug|x64
		{9482400A-7CEE-4157-BB8E-9D6304900402}.Debug|x86.ActiveCfg = Debug|Any CPU
		{9482400A-7CEE-4157-BB8E-9D6304900402}.Debug|x86.Build.0 = Debug|Any CPU
		{9482400A-7CEE-4157-BB8E-9D6304900402}.Release|Any CPU.ActiveCfg = Release|Any CPU
		{9482400A-7CEE-4157-BB8E-9D6304900402}.Release|Any CPU.Build.0 = Release|Any CPU
		{9482400A-7CEE-4157-BB8E-9D6304900402}.Release|ARM32.ActiveCfg = Release|Any CPU
		{9482400A-7CEE-4157-BB8E-9D6304900402}.Release|ARM32.Build.0 = Release|Any CPU
		{9482400A-7CEE-4157-BB8E-9D6304900402}.Release|x64.ActiveCfg = Release|x64
		{9482400A-7CEE-4157-BB8E-9D6304900402}.Release|x64.Build.0 = Release|x64
		{9482400A-7CEE-4157-BB8E-9D6304900402}.Release|x86.ActiveCfg = Release|Any CPU
		{9482400A-7CEE-4157-BB8E-9D6304900402}.Release|x86.Build.0 = Release|Any CPU
		{7A25D14D-133C-4EDB-BFB5-506CE4E21369}.Debug|Any CPU.ActiveCfg = Debug|x86
		{7A25D14D-133C-4EDB-BFB5-506CE4E21369}.Debug|Any CPU.Build.0 = Debug|x86
		{7A25D14D-133C-4EDB-BFB5-506CE4E21369}.Debug|ARM32.ActiveCfg = Debug|x86
		{7A25D14D-133C-4EDB-BFB5-506CE4E21369}.Debug|ARM32.Build.0 = Debug|x86
		{7A25D14D-133C-4EDB-BFB5-506CE4E21369}.Debug|x64.ActiveCfg = Debug|x86
		{7A25D14D-133C-4EDB-BFB5-506CE4E21369}.Debug|x64.Build.0 = Debug|x86
		{7A25D14D-133C-4EDB-BFB5-506CE4E21369}.Debug|x86.ActiveCfg = Debug|x86
		{7A25D14D-133C-4EDB-BFB5-506CE4E21369}.Debug|x86.Build.0 = Debug|x86
		{7A25D14D-133C-4EDB-BFB5-506CE4E21369}.Release|Any CPU.ActiveCfg = Release|x64
		{7A25D14D-133C-4EDB-BFB5-506CE4E21369}.Release|ARM32.ActiveCfg = Release|x64
		{7A25D14D-133C-4EDB-BFB5-506CE4E21369}.Release|x64.ActiveCfg = Release|x64
		{7A25D14D-133C-4EDB-BFB5-506CE4E21369}.Release|x64.Build.0 = Release|x64
		{7A25D14D-133C-4EDB-BFB5-506CE4E21369}.Release|x86.ActiveCfg = Release|x64
	EndGlobalSection
	GlobalSection(SolutionProperties) = preSolution
		HideSolutionNode = FALSE
	EndGlobalSection
	GlobalSection(NestedProjects) = preSolution
		{8C6638FF-B2AB-4D91-834C-3DC7ECD685D9} = {DD08E305-1CA4-49A2-8C4B-1B0C470B7627}
		{3D685B14-C75B-46B4-967C-25C287E1DC49} = {08DC955F-4776-441B-9510-249D53415810}
		{88658453-505B-42DD-B7A7-C37DE43E03C0} = {9871A888-B840-4A82-8F9C-5E15E9EB8B07}
		{FA981E04-B0AD-433D-8C62-55D6AC09ABCD} = {9871A888-B840-4A82-8F9C-5E15E9EB8B07}
		{0A351A21-3AE2-4528-8014-1E3B75AB8A5B} = {08DC955F-4776-441B-9510-249D53415810}
		{DD802E38-9ED8-47D9-BD9D-4450F51050A0} = {4A04D693-DA69-4555-8F7F-D0FF101DDAA1}
		{E0283B79-59DB-4D15-B889-8427B5F6F857} = {13D3FE7A-CD49-45CB-9C9E-0B3771440873}
		{EB7C0338-57FD-4EF0-A409-BA96025EBE32} = {13D3FE7A-CD49-45CB-9C9E-0B3771440873}
		{50E1772A-856A-413A-BFAD-CE3AB94E6319} = {13D3FE7A-CD49-45CB-9C9E-0B3771440873}
		{0B674430-D047-4EA5-BE50-D827C15A6FEC} = {13D3FE7A-CD49-45CB-9C9E-0B3771440873}
		{412F7C2B-4203-4015-AC51-DF5E766BD5D3} = {13D3FE7A-CD49-45CB-9C9E-0B3771440873}
		{8570D7B8-7D09-41A2-8C35-0CC37BB03D99} = {13D3FE7A-CD49-45CB-9C9E-0B3771440873}
		{5DF1EDDD-E365-485D-B1C5-BB59A1D2A82F} = {4A04D693-DA69-4555-8F7F-D0FF101DDAA1}
		{9482400A-7CEE-4157-BB8E-9D6304900402} = {4A04D693-DA69-4555-8F7F-D0FF101DDAA1}
		{7A25D14D-133C-4EDB-BFB5-506CE4E21369} = {9871A888-B840-4A82-8F9C-5E15E9EB8B07}
	EndGlobalSection
	GlobalSection(ExtensibilityGlobals) = postSolution
		SolutionGuid = {CDD8C8C8-A9C8-4B1E-80F4-B9BEC1170B78}
	EndGlobalSection
	GlobalSection(SharedMSBuildProjectFiles) = preSolution
		Common\QRSharingApp.Shared\QRSharingApp.Shared.projitems*{3d685b14-c75b-46b4-967c-25c287e1dc49}*SharedItemsImports = 5
		Common\QRSharingApp.Shared\QRSharingApp.Shared.projitems*{9482400a-7cee-4157-bb8e-9d6304900402}*SharedItemsImports = 4
		Common\QRSharingApp.Shared\QRSharingApp.Shared.projitems*{dd802e38-9ed8-47d9-bd9d-4450f51050a0}*SharedItemsImports = 13
		Common\QRSharingApp.Shared\QRSharingApp.Shared.projitems*{fa981e04-b0ad-433d-8c62-55d6ac09abcd}*SharedItemsImports = 4
	EndGlobalSection
EndGlobal
