
Microsoft Visual Studio Solution File, Format Version 12.00
# Visual Studio Version 17
VisualStudioVersion = 17.1.32210.238
MinimumVisualStudioVersion = 10.0.40219.1
Project("{2150E333-8FDC-42A3-9474-1A3956D46DE8}") = "Server", "Server", "{08DC955F-4776-441B-9510-249D53415810}"
EndProject
Project("{2150E333-8FDC-42A3-9474-1A3956D46DE8}") = "Client", "Client", "{13D3FE7A-CD49-45CB-9C9E-0B3771440873}"
EndProject
Project("{2150E333-8FDC-42A3-9474-1A3956D46DE8}") = "Common", "Common", "{4A04D693-DA69-4555-8F7F-D0FF101DDAA1}"
EndProject
Project("{2150E333-8FDC-42A3-9474-1A3956D46DE8}") = "Installer", "Installer", "{9871A888-B840-4A82-8F9C-5E15E9EB8B07}"
EndProject
Project("{2150E333-8FDC-42A3-9474-1A3956D46DE8}") = "ActivationServer", "ActivationServer", "{DD08E305-1CA4-49A2-8C4B-1B0C470B7627}"
EndProject
Project("{9A19103F-16F7-4668-BE54-9A1E7A4F7556}") = "QRSharingApp.ActivationWebApp", "ActivationServer\QRSharingApp.ActivationWebApp\QRSharingApp.ActivationWebApp.csproj", "{8C6638FF-B2AB-4D91-834C-3DC7ECD685D9}"
EndProject
Project("{9A19103F-16F7-4668-BE54-9A1E7A4F7556}") = "QRSharingApp.Client", "Client\QRSharingApp.Client\QRSharingApp.Client.csproj", "{0859358F-81D2-4A97-8E14-E840AD395B23}"
EndProject
Project("{9A19103F-16F7-4668-BE54-9A1E7A4F7556}") = "QRSharingApp.ViewModel", "Client\QRSharingApp.ViewModel\QRSharingApp.ViewModel.csproj", "{B68FF378-7783-408C-8C74-8B6EB6C40EE4}"
EndProject
Project("{9A19103F-16F7-4668-BE54-9A1E7A4F7556}") = "QRSharingApp.Infrastructure", "Client\QRSharingApp.Infrastructure\QRSharingApp.Infrastructure.csproj", "{3A67F0CD-82F1-41EF-961F-929090537A0A}"
EndProject
Project("{9A19103F-16F7-4668-BE54-9A1E7A4F7556}") = "QRSharingApp.CultureLocalization", "Client\QRSharingApp.CultureLocalization\QRSharingApp.CultureLocalization.csproj", "{159DB457-C8AA-48A0-B442-47FA07636139}"
EndProject
Project("{9A19103F-16F7-4668-BE54-9A1E7A4F7556}") = "QRSharingApp.Activation", "Client\QRSharingApp.Activation\QRSharingApp.Activation.csproj", "{0CC430E0-FDA3-4417-BDE2-A5EB7C4267A0}"
EndProject
Project("{9A19103F-16F7-4668-BE54-9A1E7A4F7556}") = "QRSharingApp.WebApplication", "Server\QRSharingApp.WebApplication\QRSharingApp.WebApplication.csproj", "{3D685B14-C75B-46B4-967C-25C287E1DC49}"
EndProject
Project("{9A19103F-16F7-4668-BE54-9A1E7A4F7556}") = "QRSharingApp.Common", "Common\QRSharingApp.Common\QRSharingApp.Common.csproj", "{1D685716-D327-4104-854D-1568DEE90005}"
EndProject
Project("{930C7802-8A8C-48F9-8165-68863BCCD9DD}") = "QRSharingApp.Bootstrapper", "Installer\QRSharingApp.Bootstrapper\QRSharingApp.Bootstrapper.wixproj", "{2427D1AB-535C-4548-8493-F91A9CE186BD}"
EndProject
Project("{930C7802-8A8C-48F9-8165-68863BCCD9DD}") = "QRSharingApp.Installer", "Installer\QRSharingApp.Installer\QRSharingApp.Installer.wixproj", "{88658453-505B-42DD-B7A7-C37DE43E03C0}"
	ProjectSection(ProjectDependencies) = postProject
		{0859358F-81D2-4A97-8E14-E840AD395B23} = {0859358F-81D2-4A97-8E14-E840AD395B23}
	EndProjectSection
EndProject
Project("{FAE04EC0-301F-11D3-BF4B-00C04F79EFBC}") = "QRSharingApp.Installer.CustomAction", "Installer\QRSharingApp.Installer.CustomAction\QRSharingApp.Installer.CustomAction.csproj", "{FA981E04-B0AD-433D-8C62-55D6AC09ABCD}"
EndProject
Project("{9A19103F-16F7-4668-BE54-9A1E7A4F7556}") = "QRSharingApp.Contract", "Common\QRSharingApp.Contract\QRSharingApp.Contract.csproj", "{AA6D17AD-F345-4B8E-81B9-23B7D4907C40}"
EndProject
Project("{9A19103F-16F7-4668-BE54-9A1E7A4F7556}") = "QRSharingApp.ClientApi", "Client\QRSharingApp.ClientApi\QRSharingApp.ClientApi.csproj", "{EFC8CA26-DF74-439A-BCCB-397EA1B93024}"
EndProject
Project("{9A19103F-16F7-4668-BE54-9A1E7A4F7556}") = "QRSharingApp.DataAccess", "Server\QRSharingApp.DataAccess\QRSharingApp.DataAccess.csproj", "{0A351A21-3AE2-4528-8014-1E3B75AB8A5B}"
EndProject
Project("{D954291E-2A0B-460D-934E-DC6B0785DB48}") = "QRSharingApp.Shared", "Common\QRSharingApp.Shared\QRSharingApp.Shared.shproj", "{DD802E38-9ED8-47D9-BD9D-4450F51050A0}"
EndProject
Global
	GlobalSection(SharedMSBuildProjectFiles) = preSolution
		Common\QRSharingApp.Shared\QRSharingApp.Shared.projitems*{1d685716-d327-4104-854d-1568dee90005}*SharedItemsImports = 5
		Common\QRSharingApp.Shared\QRSharingApp.Shared.projitems*{3d685b14-c75b-46b4-967c-25c287e1dc49}*SharedItemsImports = 5
		Common\QRSharingApp.Shared\QRSharingApp.Shared.projitems*{dd802e38-9ed8-47d9-bd9d-4450f51050a0}*SharedItemsImports = 13
		Common\QRSharingApp.Shared\QRSharingApp.Shared.projitems*{fa981e04-b0ad-433d-8c62-55d6ac09abcd}*SharedItemsImports = 4
	EndGlobalSection
	GlobalSection(SolutionConfigurationPlatforms) = preSolution
		Debug|Any CPU = Debug|Any CPU
		Debug|ARM32 = Debug|ARM32
		Debug|x64 = Debug|x64
		Debug|x86 = Debug|x86
		Release|Any CPU = Release|Any CPU
		Release|ARM32 = Release|ARM32
		Release|x64 = Release|x64
		Release|x86 = Release|x86
	EndGlobalSection
	GlobalSection(ProjectConfigurationPlatforms) = postSolution
		{8C6638FF-B2AB-4D91-834C-3DC7ECD685D9}.Debug|Any CPU.ActiveCfg = Debug|Any CPU
		{8C6638FF-B2AB-4D91-834C-3DC7ECD685D9}.Debug|Any CPU.Build.0 = Debug|Any CPU
		{8C6638FF-B2AB-4D91-834C-3DC7ECD685D9}.Debug|ARM32.ActiveCfg = Debug|Any CPU
		{8C6638FF-B2AB-4D91-834C-3DC7ECD685D9}.Debug|ARM32.Build.0 = Debug|Any CPU
		{8C6638FF-B2AB-4D91-834C-3DC7ECD685D9}.Debug|x64.ActiveCfg = Debug|x64
		{8C6638FF-B2AB-4D91-834C-3DC7ECD685D9}.Debug|x64.Build.0 = Debug|x64
		{8C6638FF-B2AB-4D91-834C-3DC7ECD685D9}.Debug|x86.ActiveCfg = Debug|Any CPU
		{8C6638FF-B2AB-4D91-834C-3DC7ECD685D9}.Debug|x86.Build.0 = Debug|Any CPU
		{8C6638FF-B2AB-4D91-834C-3DC7ECD685D9}.Release|Any CPU.ActiveCfg = Release|Any CPU
		{8C6638FF-B2AB-4D91-834C-3DC7ECD685D9}.Release|Any CPU.Build.0 = Release|Any CPU
		{8C6638FF-B2AB-4D91-834C-3DC7ECD685D9}.Release|ARM32.ActiveCfg = Release|Any CPU
		{8C6638FF-B2AB-4D91-834C-3DC7ECD685D9}.Release|ARM32.Build.0 = Release|Any CPU
		{8C6638FF-B2AB-4D91-834C-3DC7ECD685D9}.Release|x64.ActiveCfg = Release|x64
		{8C6638FF-B2AB-4D91-834C-3DC7ECD685D9}.Release|x64.Build.0 = Release|x64
		{8C6638FF-B2AB-4D91-834C-3DC7ECD685D9}.Release|x86.ActiveCfg = Release|Any CPU
		{8C6638FF-B2AB-4D91-834C-3DC7ECD685D9}.Release|x86.Build.0 = Release|Any CPU
		{0859358F-81D2-4A97-8E14-E840AD395B23}.Debug|Any CPU.ActiveCfg = Debug|Any CPU
		{0859358F-81D2-4A97-8E14-E840AD395B23}.Debug|Any CPU.Build.0 = Debug|Any CPU
		{0859358F-81D2-4A97-8E14-E840AD395B23}.Debug|ARM32.ActiveCfg = Debug|Any CPU
		{0859358F-81D2-4A97-8E14-E840AD395B23}.Debug|ARM32.Build.0 = Debug|Any CPU
		{0859358F-81D2-4A97-8E14-E840AD395B23}.Debug|x64.ActiveCfg = Debug|x64
		{0859358F-81D2-4A97-8E14-E840AD395B23}.Debug|x64.Build.0 = Debug|x64
		{0859358F-81D2-4A97-8E14-E840AD395B23}.Debug|x86.ActiveCfg = Debug|x86
		{0859358F-81D2-4A97-8E14-E840AD395B23}.Debug|x86.Build.0 = Debug|x86
		{0859358F-81D2-4A97-8E14-E840AD395B23}.Release|Any CPU.ActiveCfg = Release|Any CPU
		{0859358F-81D2-4A97-8E14-E840AD395B23}.Release|Any CPU.Build.0 = Release|Any CPU
		{0859358F-81D2-4A97-8E14-E840AD395B23}.Release|ARM32.ActiveCfg = Release|Any CPU
		{0859358F-81D2-4A97-8E14-E840AD395B23}.Release|ARM32.Build.0 = Release|Any CPU
		{0859358F-81D2-4A97-8E14-E840AD395B23}.Release|x64.ActiveCfg = Release|x64
		{0859358F-81D2-4A97-8E14-E840AD395B23}.Release|x64.Build.0 = Release|x64
		{0859358F-81D2-4A97-8E14-E840AD395B23}.Release|x86.ActiveCfg = Release|x86
		{0859358F-81D2-4A97-8E14-E840AD395B23}.Release|x86.Build.0 = Release|x86
		{B68FF378-7783-408C-8C74-8B6EB6C40EE4}.Debug|Any CPU.ActiveCfg = Debug|Any CPU
		{B68FF378-7783-408C-8C74-8B6EB6C40EE4}.Debug|Any CPU.Build.0 = Debug|Any CPU
		{B68FF378-7783-408C-8C74-8B6EB6C40EE4}.Debug|ARM32.ActiveCfg = Debug|Any CPU
		{B68FF378-7783-408C-8C74-8B6EB6C40EE4}.Debug|ARM32.Build.0 = Debug|Any CPU
		{B68FF378-7783-408C-8C74-8B6EB6C40EE4}.Debug|x64.ActiveCfg = Debug|x64
		{B68FF378-7783-408C-8C74-8B6EB6C40EE4}.Debug|x64.Build.0 = Debug|x64
		{B68FF378-7783-408C-8C74-8B6EB6C40EE4}.Debug|x86.ActiveCfg = Debug|x86
		{B68FF378-7783-408C-8C74-8B6EB6C40EE4}.Debug|x86.Build.0 = Debug|x86
		{B68FF378-7783-408C-8C74-8B6EB6C40EE4}.Release|Any CPU.ActiveCfg = Release|Any CPU
		{B68FF378-7783-408C-8C74-8B6EB6C40EE4}.Release|Any CPU.Build.0 = Release|Any CPU
		{B68FF378-7783-408C-8C74-8B6EB6C40EE4}.Release|ARM32.ActiveCfg = Release|Any CPU
		{B68FF378-7783-408C-8C74-8B6EB6C40EE4}.Release|ARM32.Build.0 = Release|Any CPU
		{B68FF378-7783-408C-8C74-8B6EB6C40EE4}.Release|x64.ActiveCfg = Release|x64
		{B68FF378-7783-408C-8C74-8B6EB6C40EE4}.Release|x64.Build.0 = Release|x64
		{B68FF378-7783-408C-8C74-8B6EB6C40EE4}.Release|x86.ActiveCfg = Release|x86
		{B68FF378-7783-408C-8C74-8B6EB6C40EE4}.Release|x86.Build.0 = Release|x86
		{3A67F0CD-82F1-41EF-961F-929090537A0A}.Debug|Any CPU.ActiveCfg = Debug|Any CPU
		{3A67F0CD-82F1-41EF-961F-929090537A0A}.Debug|Any CPU.Build.0 = Debug|Any CPU
		{3A67F0CD-82F1-41EF-961F-929090537A0A}.Debug|ARM32.ActiveCfg = Debug|Any CPU
		{3A67F0CD-82F1-41EF-961F-929090537A0A}.Debug|ARM32.Build.0 = Debug|Any CPU
		{3A67F0CD-82F1-41EF-961F-929090537A0A}.Debug|x64.ActiveCfg = Debug|x64
		{3A67F0CD-82F1-41EF-961F-929090537A0A}.Debug|x64.Build.0 = Debug|x64
		{3A67F0CD-82F1-41EF-961F-929090537A0A}.Debug|x86.ActiveCfg = Debug|x86
		{3A67F0CD-82F1-41EF-961F-929090537A0A}.Debug|x86.Build.0 = Debug|x86
		{3A67F0CD-82F1-41EF-961F-929090537A0A}.Release|Any CPU.ActiveCfg = Release|Any CPU
		{3A67F0CD-82F1-41EF-961F-929090537A0A}.Release|Any CPU.Build.0 = Release|Any CPU
		{3A67F0CD-82F1-41EF-961F-929090537A0A}.Release|ARM32.ActiveCfg = Release|Any CPU
		{3A67F0CD-82F1-41EF-961F-929090537A0A}.Release|ARM32.Build.0 = Release|Any CPU
		{3A67F0CD-82F1-41EF-961F-929090537A0A}.Release|x64.ActiveCfg = Release|x64
		{3A67F0CD-82F1-41EF-961F-929090537A0A}.Release|x64.Build.0 = Release|x64
		{3A67F0CD-82F1-41EF-961F-929090537A0A}.Release|x86.ActiveCfg = Release|x86
		{3A67F0CD-82F1-41EF-961F-929090537A0A}.Release|x86.Build.0 = Release|x86
		{159DB457-C8AA-48A0-B442-47FA07636139}.Debug|Any CPU.ActiveCfg = Debug|Any CPU
		{159DB457-C8AA-48A0-B442-47FA07636139}.Debug|Any CPU.Build.0 = Debug|Any CPU
		{159DB457-C8AA-48A0-B442-47FA07636139}.Debug|ARM32.ActiveCfg = Debug|Any CPU
		{159DB457-C8AA-48A0-B442-47FA07636139}.Debug|ARM32.Build.0 = Debug|Any CPU
		{159DB457-C8AA-48A0-B442-47FA07636139}.Debug|x64.ActiveCfg = Debug|x64
		{159DB457-C8AA-48A0-B442-47FA07636139}.Debug|x64.Build.0 = Debug|x64
		{159DB457-C8AA-48A0-B442-47FA07636139}.Debug|x86.ActiveCfg = Debug|x86
		{159DB457-C8AA-48A0-B442-47FA07636139}.Debug|x86.Build.0 = Debug|x86
		{159DB457-C8AA-48A0-B442-47FA07636139}.Release|Any CPU.ActiveCfg = Release|Any CPU
		{159DB457-C8AA-48A0-B442-47FA07636139}.Release|Any CPU.Build.0 = Release|Any CPU
		{159DB457-C8AA-48A0-B442-47FA07636139}.Release|ARM32.ActiveCfg = Release|Any CPU
		{159DB457-C8AA-48A0-B442-47FA07636139}.Release|ARM32.Build.0 = Release|Any CPU
		{159DB457-C8AA-48A0-B442-47FA07636139}.Release|x64.ActiveCfg = Release|x64
		{159DB457-C8AA-48A0-B442-47FA07636139}.Release|x64.Build.0 = Release|x64
		{159DB457-C8AA-48A0-B442-47FA07636139}.Release|x86.ActiveCfg = Release|x86
		{159DB457-C8AA-48A0-B442-47FA07636139}.Release|x86.Build.0 = Release|x86
		{0CC430E0-FDA3-4417-BDE2-A5EB7C4267A0}.Debug|Any CPU.ActiveCfg = Debug|Any CPU
		{0CC430E0-FDA3-4417-BDE2-A5EB7C4267A0}.Debug|Any CPU.Build.0 = Debug|Any CPU
		{0CC430E0-FDA3-4417-BDE2-A5EB7C4267A0}.Debug|ARM32.ActiveCfg = Debug|Any CPU
		{0CC430E0-FDA3-4417-BDE2-A5EB7C4267A0}.Debug|ARM32.Build.0 = Debug|Any CPU
		{0CC430E0-FDA3-4417-BDE2-A5EB7C4267A0}.Debug|x64.ActiveCfg = Debug|x64
		{0CC430E0-FDA3-4417-BDE2-A5EB7C4267A0}.Debug|x64.Build.0 = Debug|x64
		{0CC430E0-FDA3-4417-BDE2-A5EB7C4267A0}.Debug|x86.ActiveCfg = Debug|Any CPU
		{0CC430E0-FDA3-4417-BDE2-A5EB7C4267A0}.Debug|x86.Build.0 = Debug|Any CPU
		{0CC430E0-FDA3-4417-BDE2-A5EB7C4267A0}.Release|Any CPU.ActiveCfg = Release|Any CPU
		{0CC430E0-FDA3-4417-BDE2-A5EB7C4267A0}.Release|Any CPU.Build.0 = Release|Any CPU
		{0CC430E0-FDA3-4417-BDE2-A5EB7C4267A0}.Release|ARM32.ActiveCfg = Release|Any CPU
		{0CC430E0-FDA3-4417-BDE2-A5EB7C4267A0}.Release|ARM32.Build.0 = Release|Any CPU
		{0CC430E0-FDA3-4417-BDE2-A5EB7C4267A0}.Release|x64.ActiveCfg = Release|x64
		{0CC430E0-FDA3-4417-BDE2-A5EB7C4267A0}.Release|x64.Build.0 = Release|x64
		{0CC430E0-FDA3-4417-BDE2-A5EB7C4267A0}.Release|x86.ActiveCfg = Release|Any CPU
		{0CC430E0-FDA3-4417-BDE2-A5EB7C4267A0}.Release|x86.Build.0 = Release|Any CPU
		{3D685B14-C75B-46B4-967C-25C287E1DC49}.Debug|Any CPU.ActiveCfg = Debug|Any CPU
		{3D685B14-C75B-46B4-967C-25C287E1DC49}.Debug|Any CPU.Build.0 = Debug|Any CPU
		{3D685B14-C75B-46B4-967C-25C287E1DC49}.Debug|ARM32.ActiveCfg = Debug|ARM32
		{3D685B14-C75B-46B4-967C-25C287E1DC49}.Debug|ARM32.Build.0 = Debug|ARM32
		{3D685B14-C75B-46B4-967C-25C287E1DC49}.Debug|x64.ActiveCfg = Debug|x64
		{3D685B14-C75B-46B4-967C-25C287E1DC49}.Debug|x64.Build.0 = Debug|x64
		{3D685B14-C75B-46B4-967C-25C287E1DC49}.Debug|x86.ActiveCfg = Debug|x86
		{3D685B14-C75B-46B4-967C-25C287E1DC49}.Debug|x86.Build.0 = Debug|x86
		{3D685B14-C75B-46B4-967C-25C287E1DC49}.Release|Any CPU.ActiveCfg = Release|Any CPU
		{3D685B14-C75B-46B4-967C-25C287E1DC49}.Release|Any CPU.Build.0 = Release|Any CPU
		{3D685B14-C75B-46B4-967C-25C287E1DC49}.Release|ARM32.ActiveCfg = Release|ARM32
		{3D685B14-C75B-46B4-967C-25C287E1DC49}.Release|ARM32.Build.0 = Release|ARM32
		{3D685B14-C75B-46B4-967C-25C287E1DC49}.Release|x64.ActiveCfg = Release|x64
		{3D685B14-C75B-46B4-967C-25C287E1DC49}.Release|x64.Build.0 = Release|x64
		{3D685B14-C75B-46B4-967C-25C287E1DC49}.Release|x86.ActiveCfg = Release|x86
		{3D685B14-C75B-46B4-967C-25C287E1DC49}.Release|x86.Build.0 = Release|x86
		{1D685716-D327-4104-854D-1568DEE90005}.Debug|Any CPU.ActiveCfg = Debug|Any CPU
		{1D685716-D327-4104-854D-1568DEE90005}.Debug|Any CPU.Build.0 = Debug|Any CPU
		{1D685716-D327-4104-854D-1568DEE90005}.Debug|ARM32.ActiveCfg = Debug|Any CPU
		{1D685716-D327-4104-854D-1568DEE90005}.Debug|ARM32.Build.0 = Debug|Any CPU
		{1D685716-D327-4104-854D-1568DEE90005}.Debug|x64.ActiveCfg = Debug|x64
		{1D685716-D327-4104-854D-1568DEE90005}.Debug|x64.Build.0 = Debug|x64
		{1D685716-D327-4104-854D-1568DEE90005}.Debug|x86.ActiveCfg = Debug|Any CPU
		{1D685716-D327-4104-854D-1568DEE90005}.Debug|x86.Build.0 = Debug|Any CPU
		{1D685716-D327-4104-854D-1568DEE90005}.Release|Any CPU.ActiveCfg = Release|Any CPU
		{1D685716-D327-4104-854D-1568DEE90005}.Release|Any CPU.Build.0 = Release|Any CPU
		{1D685716-D327-4104-854D-1568DEE90005}.Release|ARM32.ActiveCfg = Release|Any CPU
		{1D685716-D327-4104-854D-1568DEE90005}.Release|ARM32.Build.0 = Release|Any CPU
		{1D685716-D327-4104-854D-1568DEE90005}.Release|x64.ActiveCfg = Release|x64
		{1D685716-D327-4104-854D-1568DEE90005}.Release|x64.Build.0 = Release|x64
		{1D685716-D327-4104-854D-1568DEE90005}.Release|x86.ActiveCfg = Release|Any CPU
		{1D685716-D327-4104-854D-1568DEE90005}.Release|x86.Build.0 = Release|Any CPU
		{2427D1AB-535C-4548-8493-F91A9CE186BD}.Debug|Any CPU.ActiveCfg = Debug|x64
		{2427D1AB-535C-4548-8493-F91A9CE186BD}.Debug|ARM32.ActiveCfg = Debug|x64
		{2427D1AB-535C-4548-8493-F91A9CE186BD}.Debug|x64.ActiveCfg = Debug|x64
		{2427D1AB-535C-4548-8493-F91A9CE186BD}.Debug|x64.Build.0 = Debug|x64
		{2427D1AB-535C-4548-8493-F91A9CE186BD}.Debug|x86.ActiveCfg = Debug|x64
		{2427D1AB-535C-4548-8493-F91A9CE186BD}.Release|Any CPU.ActiveCfg = Release|x64
		{2427D1AB-535C-4548-8493-F91A9CE186BD}.Release|ARM32.ActiveCfg = Release|x64
		{2427D1AB-535C-4548-8493-F91A9CE186BD}.Release|x64.ActiveCfg = Release|x64
		{2427D1AB-535C-4548-8493-F91A9CE186BD}.Release|x64.Build.0 = Release|x64
		{2427D1AB-535C-4548-8493-F91A9CE186BD}.Release|x86.ActiveCfg = Release|x64
		{88658453-505B-42DD-B7A7-C37DE43E03C0}.Debug|Any CPU.ActiveCfg = Debug|x86
		{88658453-505B-42DD-B7A7-C37DE43E03C0}.Debug|ARM32.ActiveCfg = Debug|x86
		{88658453-505B-42DD-B7A7-C37DE43E03C0}.Debug|x64.ActiveCfg = Debug|x64
		{88658453-505B-42DD-B7A7-C37DE43E03C0}.Debug|x64.Build.0 = Debug|x64
		{88658453-505B-42DD-B7A7-C37DE43E03C0}.Debug|x86.ActiveCfg = Debug|x86
		{88658453-505B-42DD-B7A7-C37DE43E03C0}.Debug|x86.Build.0 = Debug|x86
		{88658453-505B-42DD-B7A7-C37DE43E03C0}.Release|Any CPU.ActiveCfg = Release|x86
		{88658453-505B-42DD-B7A7-C37DE43E03C0}.Release|ARM32.ActiveCfg = Release|x86
		{88658453-505B-42DD-B7A7-C37DE43E03C0}.Release|x64.ActiveCfg = Release|x64
		{88658453-505B-42DD-B7A7-C37DE43E03C0}.Release|x64.Build.0 = Release|x64
		{88658453-505B-42DD-B7A7-C37DE43E03C0}.Release|x86.ActiveCfg = Release|x86
		{88658453-505B-42DD-B7A7-C37DE43E03C0}.Release|x86.Build.0 = Release|x86
		{FA981E04-B0AD-433D-8C62-55D6AC09ABCD}.Debug|Any CPU.ActiveCfg = Debug|x86
		{FA981E04-B0AD-433D-8C62-55D6AC09ABCD}.Debug|ARM32.ActiveCfg = Debug|x86
		{FA981E04-B0AD-433D-8C62-55D6AC09ABCD}.Debug|x64.ActiveCfg = Debug|x64
		{FA981E04-B0AD-433D-8C62-55D6AC09ABCD}.Debug|x64.Build.0 = Debug|x64
		{FA981E04-B0AD-433D-8C62-55D6AC09ABCD}.Debug|x86.ActiveCfg = Debug|x86
		{FA981E04-B0AD-433D-8C62-55D6AC09ABCD}.Debug|x86.Build.0 = Debug|x86
		{FA981E04-B0AD-433D-8C62-55D6AC09ABCD}.Release|Any CPU.ActiveCfg = Release|x86
		{FA981E04-B0AD-433D-8C62-55D6AC09ABCD}.Release|ARM32.ActiveCfg = Release|x86
		{FA981E04-B0AD-433D-8C62-55D6AC09ABCD}.Release|x64.ActiveCfg = Release|x64
		{FA981E04-B0AD-433D-8C62-55D6AC09ABCD}.Release|x64.Build.0 = Release|x64
		{FA981E04-B0AD-433D-8C62-55D6AC09ABCD}.Release|x86.ActiveCfg = Release|x86
		{FA981E04-B0AD-433D-8C62-55D6AC09ABCD}.Release|x86.Build.0 = Release|x86
		{AA6D17AD-F345-4B8E-81B9-23B7D4907C40}.Debug|Any CPU.ActiveCfg = Debug|Any CPU
		{AA6D17AD-F345-4B8E-81B9-23B7D4907C40}.Debug|Any CPU.Build.0 = Debug|Any CPU
		{AA6D17AD-F345-4B8E-81B9-23B7D4907C40}.Debug|ARM32.ActiveCfg = Debug|Any CPU
		{AA6D17AD-F345-4B8E-81B9-23B7D4907C40}.Debug|ARM32.Build.0 = Debug|Any CPU
		{AA6D17AD-F345-4B8E-81B9-23B7D4907C40}.Debug|x64.ActiveCfg = Debug|Any CPU
		{AA6D17AD-F345-4B8E-81B9-23B7D4907C40}.Debug|x64.Build.0 = Debug|Any CPU
		{AA6D17AD-F345-4B8E-81B9-23B7D4907C40}.Debug|x86.ActiveCfg = Debug|Any CPU
		{AA6D17AD-F345-4B8E-81B9-23B7D4907C40}.Debug|x86.Build.0 = Debug|Any CPU
		{AA6D17AD-F345-4B8E-81B9-23B7D4907C40}.Release|Any CPU.ActiveCfg = Release|Any CPU
		{AA6D17AD-F345-4B8E-81B9-23B7D4907C40}.Release|Any CPU.Build.0 = Release|Any CPU
		{AA6D17AD-F345-4B8E-81B9-23B7D4907C40}.Release|ARM32.ActiveCfg = Release|Any CPU
		{AA6D17AD-F345-4B8E-81B9-23B7D4907C40}.Release|ARM32.Build.0 = Release|Any CPU
		{AA6D17AD-F345-4B8E-81B9-23B7D4907C40}.Release|x64.ActiveCfg = Release|Any CPU
		{AA6D17AD-F345-4B8E-81B9-23B7D4907C40}.Release|x64.Build.0 = Release|Any CPU
		{AA6D17AD-F345-4B8E-81B9-23B7D4907C40}.Release|x86.ActiveCfg = Release|Any CPU
		{AA6D17AD-F345-4B8E-81B9-23B7D4907C40}.Release|x86.Build.0 = Release|Any CPU
		{EFC8CA26-DF74-439A-BCCB-397EA1B93024}.Debug|Any CPU.ActiveCfg = Debug|Any CPU
		{EFC8CA26-DF74-439A-BCCB-397EA1B93024}.Debug|Any CPU.Build.0 = Debug|Any CPU
		{EFC8CA26-DF74-439A-BCCB-397EA1B93024}.Debug|ARM32.ActiveCfg = Debug|Any CPU
		{EFC8CA26-DF74-439A-BCCB-397EA1B93024}.Debug|ARM32.Build.0 = Debug|Any CPU
		{EFC8CA26-DF74-439A-BCCB-397EA1B93024}.Debug|x64.ActiveCfg = Debug|Any CPU
		{EFC8CA26-DF74-439A-BCCB-397EA1B93024}.Debug|x64.Build.0 = Debug|Any CPU
		{EFC8CA26-DF74-439A-BCCB-397EA1B93024}.Debug|x86.ActiveCfg = Debug|Any CPU
		{EFC8CA26-DF74-439A-BCCB-397EA1B93024}.Debug|x86.Build.0 = Debug|Any CPU
		{EFC8CA26-DF74-439A-BCCB-397EA1B93024}.Release|Any CPU.ActiveCfg = Release|Any CPU
		{EFC8CA26-DF74-439A-BCCB-397EA1B93024}.Release|Any CPU.Build.0 = Release|Any CPU
		{EFC8CA26-DF74-439A-BCCB-397EA1B93024}.Release|ARM32.ActiveCfg = Release|Any CPU
		{EFC8CA26-DF74-439A-BCCB-397EA1B93024}.Release|ARM32.Build.0 = Release|Any CPU
		{EFC8CA26-DF74-439A-BCCB-397EA1B93024}.Release|x64.ActiveCfg = Release|Any CPU
		{EFC8CA26-DF74-439A-BCCB-397EA1B93024}.Release|x64.Build.0 = Release|Any CPU
		{EFC8CA26-DF74-439A-BCCB-397EA1B93024}.Release|x86.ActiveCfg = Release|Any CPU
		{EFC8CA26-DF74-439A-BCCB-397EA1B93024}.Release|x86.Build.0 = Release|Any CPU
		{0A351A21-3AE2-4528-8014-1E3B75AB8A5B}.Debug|Any CPU.ActiveCfg = Debug|Any CPU
		{0A351A21-3AE2-4528-8014-1E3B75AB8A5B}.Debug|Any CPU.Build.0 = Debug|Any CPU
		{0A351A21-3AE2-4528-8014-1E3B75AB8A5B}.Debug|ARM32.ActiveCfg = Debug|Any CPU
		{0A351A21-3AE2-4528-8014-1E3B75AB8A5B}.Debug|ARM32.Build.0 = Debug|Any CPU
		{0A351A21-3AE2-4528-8014-1E3B75AB8A5B}.Debug|x64.ActiveCfg = Debug|x64
		{0A351A21-3AE2-4528-8014-1E3B75AB8A5B}.Debug|x64.Build.0 = Debug|x64
		{0A351A21-3AE2-4528-8014-1E3B75AB8A5B}.Debug|x86.ActiveCfg = Debug|x86
		{0A351A21-3AE2-4528-8014-1E3B75AB8A5B}.Debug|x86.Build.0 = Debug|x86
		{0A351A21-3AE2-4528-8014-1E3B75AB8A5B}.Release|Any CPU.ActiveCfg = Release|Any CPU
		{0A351A21-3AE2-4528-8014-1E3B75AB8A5B}.Release|Any CPU.Build.0 = Release|Any CPU
		{0A351A21-3AE2-4528-8014-1E3B75AB8A5B}.Release|ARM32.ActiveCfg = Release|Any CPU
		{0A351A21-3AE2-4528-8014-1E3B75AB8A5B}.Release|ARM32.Build.0 = Release|Any CPU
		{0A351A21-3AE2-4528-8014-1E3B75AB8A5B}.Release|x64.ActiveCfg = Release|x64
		{0A351A21-3AE2-4528-8014-1E3B75AB8A5B}.Release|x64.Build.0 = Release|x64
		{0A351A21-3AE2-4528-8014-1E3B75AB8A5B}.Release|x86.ActiveCfg = Release|x86
		{0A351A21-3AE2-4528-8014-1E3B75AB8A5B}.Release|x86.Build.0 = Release|x86
	EndGlobalSection
	GlobalSection(SolutionProperties) = preSolution
		HideSolutionNode = FALSE
	EndGlobalSection
	GlobalSection(NestedProjects) = preSolution
		{8C6638FF-B2AB-4D91-834C-3DC7ECD685D9} = {DD08E305-1CA4-49A2-8C4B-1B0C470B7627}
		{0859358F-81D2-4A97-8E14-E840AD395B23} = {13D3FE7A-CD49-45CB-9C9E-0B3771440873}
		{B68FF378-7783-408C-8C74-8B6EB6C40EE4} = {13D3FE7A-CD49-45CB-9C9E-0B3771440873}
		{3A67F0CD-82F1-41EF-961F-929090537A0A} = {13D3FE7A-CD49-45CB-9C9E-0B3771440873}
		{159DB457-C8AA-48A0-B442-47FA07636139} = {13D3FE7A-CD49-45CB-9C9E-0B3771440873}
		{0CC430E0-FDA3-4417-BDE2-A5EB7C4267A0} = {13D3FE7A-CD49-45CB-9C9E-0B3771440873}
		{3D685B14-C75B-46B4-967C-25C287E1DC49} = {08DC955F-4776-441B-9510-249D53415810}
		{1D685716-D327-4104-854D-1568DEE90005} = {4A04D693-DA69-4555-8F7F-D0FF101DDAA1}
		{2427D1AB-535C-4548-8493-F91A9CE186BD} = {9871A888-B840-4A82-8F9C-5E15E9EB8B07}
		{88658453-505B-42DD-B7A7-C37DE43E03C0} = {9871A888-B840-4A82-8F9C-5E15E9EB8B07}
		{FA981E04-B0AD-433D-8C62-55D6AC09ABCD} = {9871A888-B840-4A82-8F9C-5E15E9EB8B07}
		{AA6D17AD-F345-4B8E-81B9-23B7D4907C40} = {4A04D693-DA69-4555-8F7F-D0FF101DDAA1}
		{EFC8CA26-DF74-439A-BCCB-397EA1B93024} = {13D3FE7A-CD49-45CB-9C9E-0B3771440873}
		{0A351A21-3AE2-4528-8014-1E3B75AB8A5B} = {08DC955F-4776-441B-9510-249D53415810}
		{DD802E38-9ED8-47D9-BD9D-4450F51050A0} = {4A04D693-DA69-4555-8F7F-D0FF101DDAA1}
	EndGlobalSection
	GlobalSection(ExtensibilityGlobals) = postSolution
		SolutionGuid = {CDD8C8C8-A9C8-4B1E-80F4-B9BEC1170B78}
	EndGlobalSection
EndGlobal
